<Solution>
  <Folder Name="/Solution Items/">
    <File Path="Directory.Build.props" />
    <File Path="Directory.Packages.props" />
    <File Path="docker-compose.yml" />
    <File Path="README.md" />
  </Folder>
  <Folder Name="/src/">
    <Project Path="src/Fcs.Audit.Logs.Application/Fcs.Audit.Logs.Application.csproj" />
    <Project Path="src/Fcs.Audit.Logs.Worker/Fcs.Audit.Logs.Worker.csproj" />
  </Folder>
  <Folder Name="/tests/">
    <Project Path="tests/Fcs.Audit.Logs.Application.Tests/Fcs.Audit.Logs.Application.Tests.csproj" />
  </Folder>
</Solution>
